// !$*UTF8*$!
{
	archiveVersion = 1;
	classes = {
	};
	objectVersion = 46;
	objects = {
/* Begin PBXBuildFile section */
		0207DA581B56EA530066E2B4 /* Images.xcassets in Resources */ = {isa = PBXBuildFile; fileRef = 0207DA571B56EA530066E2B4 /* Images.xcassets */; };
		0F0B0E801C954FE2B41502A0 /* CDVGlobalization.m in Sources */ = {isa = PBXBuildFile; fileRef = DDBD4CD438F0491D8295D34B /* CDVGlobalization.m */; };
		15C9CE35E5994863B4D22149 /* AddressBook.framework in Frameworks */ = {isa = PBXBuildFile; fileRef = A527D308472043F0AB79B238 /* AddressBook.framework */; settings = {ATTRIBUTES = (Weak, ); }; };
		16C1AE609F9E4BEBBF24BD95 /* CDVFile.m in Sources */ = {isa = PBXBuildFile; fileRef = CBB0FFF0C1A74C7CA1B5A019 /* CDVFile.m */; };
		174B35EB066B4900A1382D0B /* CDVNotification.bundle in Resources */ = {isa = PBXBuildFile; fileRef = 93CF3F55699C42F9B4BEB06F /* CDVNotification.bundle */; };
		1D3623260D0F684500981E51 /* AppDelegate.m in Sources */ = {isa = PBXBuildFile; fileRef = 1D3623250D0F684500981E51 /* AppDelegate.m */; };
		1D60589B0D05DD56006BFB54 /* main.m in Sources */ = {isa = PBXBuildFile; fileRef = 29B97316FDCFA39411CA2CEA /* main.m */; };
		1FCCD44043DA44EDBB6111EF /* FBSDKLoginKit.framework in Frameworks */ = {isa = PBXBuildFile; fileRef = F4701DE60AD148229BFBB9AC /* FBSDKLoginKit.framework */; };
		2637BE1616D64D8EA7E2066C /* CDVReachability.m in Sources */ = {isa = PBXBuildFile; fileRef = 752E4631781047E6B839C966 /* CDVReachability.m */; };
		2C511B7E52234C978985F950 /* CDVBattery.m in Sources */ = {isa = PBXBuildFile; fileRef = 7A568C8E73824EE38E3498F3 /* CDVBattery.m */; };
		2DB9F1E6022F488795AF3E7D /* CDVFileTransfer.m in Sources */ = {isa = PBXBuildFile; fileRef = 3C6870E5595F42FD971F18E2 /* CDVFileTransfer.m */; };
		301BF552109A68D80062928A /* libCordova.a in Frameworks */ = {isa = PBXBuildFile; fileRef = 301BF535109A57CC0062928A /* libCordova.a */; };
		302D95F114D2391D003F00A1 /* MainViewController.m in Sources */ = {isa = PBXBuildFile; fileRef = 302D95EF14D2391D003F00A1 /* MainViewController.m */; };
		302D95F214D2391D003F00A1 /* MainViewController.xib in Resources */ = {isa = PBXBuildFile; fileRef = 302D95F014D2391D003F00A1 /* MainViewController.xib */; };
		328EEFCA555E4B669B241D46 /* UIImage+CropScaleOrientation.m in Sources */ = {isa = PBXBuildFile; fileRef = FB26AAD7938F4490BDDF19AA /* UIImage+CropScaleOrientation.m */; };
		34DBF4EBC7D94F1B89274082 /* CDVJpegHeaderWriter.m in Sources */ = {isa = PBXBuildFile; fileRef = 85079FD316B649C4BF1921F9 /* CDVJpegHeaderWriter.m */; };
		370D748C92ED4B81AE47F9D3 /* SystemConfiguration.framework in Frameworks */ = {isa = PBXBuildFile; fileRef = 1D860D557B4543E6843CF8EC /* SystemConfiguration.framework */; settings = {ATTRIBUTES = (Weak, ); }; };
		3F316373BF2348D782D2C1D4 /* ImageIO.framework in Frameworks */ = {isa = PBXBuildFile; fileRef = 1A2E2CB9F82842C6A5724C19 /* ImageIO.framework */; settings = {ATTRIBUTES = (Weak, ); }; };
		46DFDF8991E745FEBC23AB2A /* CDVCamera.m in Sources */ = {isa = PBXBuildFile; fileRef = C25E5211891348F99F13A3FF /* CDVCamera.m */; };
		4B3C62D6D9A44857BA31C4D0 /* CDVCapture.bundle in Resources */ = {isa = PBXBuildFile; fileRef = 930B2F86C8BB4DF4BAD08052 /* CDVCapture.bundle */; };
		4CBCDBCA20DA4923AED35B5F /* CDVInAppBrowser.m in Sources */ = {isa = PBXBuildFile; fileRef = D47A70DE28AA402CBD6B9E8C /* CDVInAppBrowser.m */; };
		4F7A0403C012453787782BC2 /* CDVStatusBar.m in Sources */ = {isa = PBXBuildFile; fileRef = 3D694713DDA74147BD0B5967 /* CDVStatusBar.m */; };
		58DC1A37B0CD4BDBB57A20BC /* CDVAccelerometer.m in Sources */ = {isa = PBXBuildFile; fileRef = 3B2714461DCC4982B86378B0 /* CDVAccelerometer.m */; };
		59F544FCF73F489DABE43E92 /* CDVNotification.m in Sources */ = {isa = PBXBuildFile; fileRef = B69B30FB486C4C919CBB4018 /* CDVNotification.m */; };
		5C4D4CB867F54B098BC8F3C3 /* CDVLocalFilesystem.m in Sources */ = {isa = PBXBuildFile; fileRef = C469EDC424D546D79B3E31A1 /* CDVLocalFilesystem.m */; };
		5C5BA65612DA41758D49BE5F /* CDVLogger.m in Sources */ = {isa = PBXBuildFile; fileRef = 058EE1C6C2D04C16B595084B /* CDVLogger.m */; };
		6AFF5BF91D6E424B00AB3073 /* CDVLaunchScreen.storyboard in Resources */ = {isa = PBXBuildFile; fileRef = 6AFF5BF81D6E424B00AB3073 /* CDVLaunchScreen.storyboard */; };
		6D40A1A934D64FEE9EB80ABC /* CDVContact.m in Sources */ = {isa = PBXBuildFile; fileRef = 26B09889F50E4300B6D932A5 /* CDVContact.m */; };
		702ED81BCA214675BB3BD224 /* AudioToolbox.framework in Frameworks */ = {isa = PBXBuildFile; fileRef = 394EC4DA190D4387911B4B98 /* AudioToolbox.framework */; settings = {ATTRIBUTES = (Weak, ); }; };
		70FD5AA2C81D446DA3303072 /* CoreLocation.framework in Frameworks */ = {isa = PBXBuildFile; fileRef = 1E6FA4E6111E4B868911B1E0 /* CoreLocation.framework */; };
		7260E082E084485881A5FF7E /* CDVViewController+SplashScreen.m in Sources */ = {isa = PBXBuildFile; fileRef = 5CA383E079F0475E9F87599A /* CDVViewController+SplashScreen.m */; };
		73A9D0B518B04B309E6246B5 /* libz.tbd in Frameworks */ = {isa = PBXBuildFile; fileRef = 1823776E4FFA41C5AB320BC7 /* libz.tbd */; };
		787BBB3B7F3C4545B00D3F1C /* CDVContacts.m in Sources */ = {isa = PBXBuildFile; fileRef = ACECE55D4A2B47A4B4F41AB4 /* CDVContacts.m */; };
		788573E9034B4BE3B63EA0CF /* CDVCapture.m in Sources */ = {isa = PBXBuildFile; fileRef = C90CE8A03D3E477A8B0B61FA /* CDVCapture.m */; };
		7B1A5AE464524232BB5DF118 /* CDVSplashScreen.m in Sources */ = {isa = PBXBuildFile; fileRef = F89FF21F9FAB4D8FB0F6C09D /* CDVSplashScreen.m */; };
		8556DA05AF4B4F55BDE5A117 /* FBSDKCoreKit.framework in Frameworks */ = {isa = PBXBuildFile; fileRef = 2C7D3FB6588F4087A0F1CCC6 /* FBSDKCoreKit.framework */; };
		96B0AF9634384F45BEB36313 /* CDVCompass.m in Sources */ = {isa = PBXBuildFile; fileRef = D1FE2559AFC64190B88B5EDA /* CDVCompass.m */; };
		96D1A6E533B141488A96B4FB /* FacebookConnectPlugin.m in Sources */ = {isa = PBXBuildFile; fileRef = 5BF763B6A3B94D89A8D55D46 /* FacebookConnectPlugin.m */; };
		9A43A29D2E1442D084F53CE7 /* CDVAssetLibraryFilesystem.m in Sources */ = {isa = PBXBuildFile; fileRef = E85A73D6E37E4B8B890EEDC5 /* CDVAssetLibraryFilesystem.m */; };
		9FF8D11C728D407283A5049F /* CoreTelephony.framework in Frameworks */ = {isa = PBXBuildFile; fileRef = 0DBFD1499F094D20B47C1CB9 /* CoreTelephony.framework */; };
		A4FCAAAB7CD442D3B1EEE5F5 /* CDVLocation.m in Sources */ = {isa = PBXBuildFile; fileRef = 9AFCBB7AD04547EE9D220E9E /* CDVLocation.m */; };
		A5EF565641854718A1941571 /* AVFoundation.framework in Frameworks */ = {isa = PBXBuildFile; fileRef = 390BDB96CAC24E23AC3B44BF /* AVFoundation.framework */; };
		A7F05E3071184CE18C6E8647 /* CDVSound.m in Sources */ = {isa = PBXBuildFile; fileRef = B708AD2F39B840FEAD54137A /* CDVSound.m */; };
		A80CC027694345A9A69B9E03 /* CDVDevice.m in Sources */ = {isa = PBXBuildFile; fileRef = BAA4FE42142E4A34A706A9F4 /* CDVDevice.m */; };
		ACCB7C154F4444B7A94A33E8 /* CDVConnection.m in Sources */ = {isa = PBXBuildFile; fileRef = 25F1A7725C2340F595203DD7 /* CDVConnection.m */; };
		B2DAF9014FA149269D211E06 /* FBSDKShareKit.framework in Frameworks */ = {isa = PBXBuildFile; fileRef = A92E507E45D64C488156FF05 /* FBSDKShareKit.framework */; };
		D265028CFFEE448E92AC80CD /* Bolts.framework in Frameworks */ = {isa = PBXBuildFile; fileRef = A43E63F2D769471B8F41393E /* Bolts.framework */; };
		DC566FD04CA2416783A02EE1 /* CoreMotion.framework in Frameworks */ = {isa = PBXBuildFile; fileRef = 8D6ACF22FFFF4D17B85E87F2 /* CoreMotion.framework */; };
		F58A192A4E97450BA87E1AEF /* CDVVibration.m in Sources */ = {isa = PBXBuildFile; fileRef = CCFA441D18464824972BE4CA /* CDVVibration.m */; };
		F5EBE3FCE9FE48B3887B0334 /* AddressBookUI.framework in Frameworks */ = {isa = PBXBuildFile; fileRef = 2467C975812B4EC5943DD78B /* AddressBookUI.framework */; settings = {ATTRIBUTES = (Weak, ); }; };
/* End PBXBuildFile section */

/* Begin PBXContainerItemProxy section */
		301BF534109A57CC0062928A /* PBXContainerItemProxy */ = {
			isa = PBXContainerItemProxy;
			containerPortal = 301BF52D109A57CC0062928A /* CordovaLib.xcodeproj */;
			proxyType = 2;
			remoteGlobalIDString = D2AAC07E0554694100DB518D;
			remoteInfo = CordovaLib;
		};
		301BF550109A68C00062928A /* PBXContainerItemProxy */ = {
			isa = PBXContainerItemProxy;
			containerPortal = 301BF52D109A57CC0062928A /* CordovaLib.xcodeproj */;
			proxyType = 1;
			remoteGlobalIDString = D2AAC07D0554694100DB518D;
			remoteInfo = CordovaLib;
		};
/* End PBXContainerItemProxy section */

/* Begin PBXFileReference section */
		0207DA571B56EA530066E2B4 /* Images.xcassets */ = {isa = PBXFileReference; lastKnownFileType = folder.assetcatalog; name = Images.xcassets; path = "SOCCER iD/Images.xcassets"; sourceTree = SOURCE_ROOT; };
		02E3FBDE631D4A4ABFF7B59C /* CDVConnection.h */ = {isa = PBXFileReference; explicitFileType = undefined; fileEncoding = 4; includeInIndex = 0; lastKnownFileType = sourcecode.c.h; name = CDVConnection.h; path = "cordova-plugin-network-information/CDVConnection.h"; sourceTree = "<group>"; };
		058EE1C6C2D04C16B595084B /* CDVLogger.m */ = {isa = PBXFileReference; explicitFileType = undefined; fileEncoding = 4; includeInIndex = 0; lastKnownFileType = sourcecode.c.objc; name = CDVLogger.m; path = "cordova-plugin-console/CDVLogger.m"; sourceTree = "<group>"; };
		0DBFD1499F094D20B47C1CB9 /* CoreTelephony.framework */ = {isa = PBXFileReference; explicitFileType = undefined; fileEncoding = 9; includeInIndex = 0; lastKnownFileType = wrapper.framework; name = CoreTelephony.framework; path = System/Library/Frameworks/CoreTelephony.framework; sourceTree = SDKROOT; };
		15C5629C7FEB49C189C17A01 /* CDVFile.h */ = {isa = PBXFileReference; explicitFileType = undefined; fileEncoding = 4; includeInIndex = 0; lastKnownFileType = sourcecode.c.h; name = CDVFile.h; path = "cordova-plugin-file/CDVFile.h"; sourceTree = "<group>"; };
		1823776E4FFA41C5AB320BC7 /* libz.tbd */ = {isa = PBXFileReference; explicitFileType = undefined; fileEncoding = 9; includeInIndex = 0; lastKnownFileType = "sourcecode.text-based-dylib-definition"; name = libz.tbd; path = usr/lib/libz.tbd; sourceTree = SDKROOT; };
		1A2E2CB9F82842C6A5724C19 /* ImageIO.framework */ = {isa = PBXFileReference; explicitFileType = undefined; fileEncoding = 9; includeInIndex = 0; lastKnownFileType = wrapper.framework; name = ImageIO.framework; path = System/Library/Frameworks/ImageIO.framework; sourceTree = SDKROOT; };
		1D3623240D0F684500981E51 /* AppDelegate.h */ = {isa = PBXFileReference; fileEncoding = 4; lastKnownFileType = sourcecode.c.h; path = AppDelegate.h; sourceTree = "<group>"; };
		1D3623250D0F684500981E51 /* AppDelegate.m */ = {isa = PBXFileReference; fileEncoding = 4; lastKnownFileType = sourcecode.c.objc; path = AppDelegate.m; sourceTree = "<group>"; };
		1D6058910D05DD3D006BFB54 /* SOCCER iD.app */ = {isa = PBXFileReference; explicitFileType = wrapper.application; includeInIndex = 0; path = "SOCCER iD.app"; sourceTree = BUILT_PRODUCTS_DIR; };
		1D860D557B4543E6843CF8EC /* SystemConfiguration.framework */ = {isa = PBXFileReference; explicitFileType = undefined; fileEncoding = 9; includeInIndex = 0; lastKnownFileType = wrapper.framework; name = SystemConfiguration.framework; path = System/Library/Frameworks/SystemConfiguration.framework; sourceTree = SDKROOT; };
		1E6FA4E6111E4B868911B1E0 /* CoreLocation.framework */ = {isa = PBXFileReference; explicitFileType = undefined; fileEncoding = 9; includeInIndex = 0; lastKnownFileType = wrapper.framework; name = CoreLocation.framework; path = System/Library/Frameworks/CoreLocation.framework; sourceTree = SDKROOT; };
		2467C975812B4EC5943DD78B /* AddressBookUI.framework */ = {isa = PBXFileReference; explicitFileType = undefined; fileEncoding = 9; includeInIndex = 0; lastKnownFileType = wrapper.framework; name = AddressBookUI.framework; path = System/Library/Frameworks/AddressBookUI.framework; sourceTree = SDKROOT; };
		25F1A7725C2340F595203DD7 /* CDVConnection.m */ = {isa = PBXFileReference; explicitFileType = undefined; fileEncoding = 4; includeInIndex = 0; lastKnownFileType = sourcecode.c.objc; name = CDVConnection.m; path = "cordova-plugin-network-information/CDVConnection.m"; sourceTree = "<group>"; };
		26B09889F50E4300B6D932A5 /* CDVContact.m */ = {isa = PBXFileReference; explicitFileType = undefined; fileEncoding = 4; includeInIndex = 0; lastKnownFileType = sourcecode.c.objc; name = CDVContact.m; path = "cordova-plugin-contacts/CDVContact.m"; sourceTree = "<group>"; };
		29B97316FDCFA39411CA2CEA /* main.m */ = {isa = PBXFileReference; fileEncoding = 4; lastKnownFileType = sourcecode.c.objc; path = main.m; sourceTree = "<group>"; };
		2A26EE0C060C422FBB4334D6 /* CDVContacts.h */ = {isa = PBXFileReference; explicitFileType = undefined; fileEncoding = 4; includeInIndex = 0; lastKnownFileType = sourcecode.c.h; name = CDVContacts.h; path = "cordova-plugin-contacts/CDVContacts.h"; sourceTree = "<group>"; };
		2A3C9A9E56A94F2FB89EDB2B /* CDVInAppBrowser.h */ = {isa = PBXFileReference; explicitFileType = undefined; fileEncoding = 4; includeInIndex = 0; lastKnownFileType = sourcecode.c.h; name = CDVInAppBrowser.h; path = "cordova-plugin-inappbrowser/CDVInAppBrowser.h"; sourceTree = "<group>"; };
		2C7D3FB6588F4087A0F1CCC6 /* FBSDKCoreKit.framework */ = {isa = PBXFileReference; explicitFileType = undefined; fileEncoding = 9; includeInIndex = 0; lastKnownFileType = wrapper.framework; name = FBSDKCoreKit.framework; path = "SOCCER iD/Plugins/cordova-plugin-facebook4/FBSDKCoreKit.framework"; sourceTree = "<group>"; };
		301BF52D109A57CC0062928A /* CordovaLib.xcodeproj */ = {isa = PBXFileReference; lastKnownFileType = "wrapper.pb-project"; name = CordovaLib.xcodeproj; path = CordovaLib/CordovaLib.xcodeproj; sourceTree = "<group>"; };
		301BF56E109A69640062928A /* www */ = {isa = PBXFileReference; lastKnownFileType = folder; path = www; sourceTree = SOURCE_ROOT; };
		302D95EE14D2391D003F00A1 /* MainViewController.h */ = {isa = PBXFileReference; fileEncoding = 4; lastKnownFileType = sourcecode.c.h; path = MainViewController.h; sourceTree = "<group>"; };
		302D95EF14D2391D003F00A1 /* MainViewController.m */ = {isa = PBXFileReference; fileEncoding = 4; lastKnownFileType = sourcecode.c.objc; path = MainViewController.m; sourceTree = "<group>"; };
		302D95F014D2391D003F00A1 /* MainViewController.xib */ = {isa = PBXFileReference; fileEncoding = 4; lastKnownFileType = file.xib; path = MainViewController.xib; sourceTree = "<group>"; };
		3047A50F1AB8059700498E2A /* build-debug.xcconfig */ = {isa = PBXFileReference; fileEncoding = 4; lastKnownFileType = text.xcconfig; name = "build-debug.xcconfig"; path = "cordova/build-debug.xcconfig"; sourceTree = SOURCE_ROOT; };
		3047A5101AB8059700498E2A /* build-release.xcconfig */ = {isa = PBXFileReference; fileEncoding = 4; lastKnownFileType = text.xcconfig; name = "build-release.xcconfig"; path = "cordova/build-release.xcconfig"; sourceTree = SOURCE_ROOT; };
		3047A5111AB8059700498E2A /* build.xcconfig */ = {isa = PBXFileReference; fileEncoding = 4; lastKnownFileType = text.xcconfig; name = build.xcconfig; path = cordova/build.xcconfig; sourceTree = SOURCE_ROOT; };
		314BE0C4C14A480687675B63 /* CDVStatusBar.h */ = {isa = PBXFileReference; explicitFileType = undefined; fileEncoding = 4; includeInIndex = 0; lastKnownFileType = sourcecode.c.h; name = CDVStatusBar.h; path = "cordova-plugin-statusbar/CDVStatusBar.h"; sourceTree = "<group>"; };
		32CA4F630368D1EE00C91783 /* SOCCER iD-Prefix.pch */ = {isa = PBXFileReference; fileEncoding = 4; lastKnownFileType = sourcecode.c.h; path = "SOCCER iD-Prefix.pch"; sourceTree = "<group>"; };
		390BDB96CAC24E23AC3B44BF /* AVFoundation.framework */ = {isa = PBXFileReference; explicitFileType = undefined; fileEncoding = 9; includeInIndex = 0; lastKnownFileType = wrapper.framework; name = AVFoundation.framework; path = System/Library/Frameworks/AVFoundation.framework; sourceTree = SDKROOT; };
		394EC4DA190D4387911B4B98 /* AudioToolbox.framework */ = {isa = PBXFileReference; explicitFileType = undefined; fileEncoding = 9; includeInIndex = 0; lastKnownFileType = wrapper.framework; name = AudioToolbox.framework; path = System/Library/Frameworks/AudioToolbox.framework; sourceTree = SDKROOT; };
		3B2714461DCC4982B86378B0 /* CDVAccelerometer.m */ = {isa = PBXFileReference; explicitFileType = undefined; fileEncoding = 4; includeInIndex = 0; lastKnownFileType = sourcecode.c.objc; name = CDVAccelerometer.m; path = "cordova-plugin-device-motion/CDVAccelerometer.m"; sourceTree = "<group>"; };
		3C6870E5595F42FD971F18E2 /* CDVFileTransfer.m */ = {isa = PBXFileReference; explicitFileType = undefined; fileEncoding = 4; includeInIndex = 0; lastKnownFileType = sourcecode.c.objc; name = CDVFileTransfer.m; path = "cordova-plugin-file-transfer/CDVFileTransfer.m"; sourceTree = "<group>"; };
		3D694713DDA74147BD0B5967 /* CDVStatusBar.m */ = {isa = PBXFileReference; explicitFileType = undefined; fileEncoding = 4; includeInIndex = 0; lastKnownFileType = sourcecode.c.objc; name = CDVStatusBar.m; path = "cordova-plugin-statusbar/CDVStatusBar.m"; sourceTree = "<group>"; };
		3D7F4C9AF1D940F8AA5CA56F /* CDVCompass.h */ = {isa = PBXFileReference; explicitFileType = undefined; fileEncoding = 4; includeInIndex = 0; lastKnownFileType = sourcecode.c.h; name = CDVCompass.h; path = "cordova-plugin-device-orientation/CDVCompass.h"; sourceTree = "<group>"; };
		5A5BE30D29B6467EBDDB6DBE /* UIImage+CropScaleOrientation.h */ = {isa = PBXFileReference; explicitFileType = undefined; fileEncoding = 4; includeInIndex = 0; lastKnownFileType = sourcecode.c.h; name = "UIImage+CropScaleOrientation.h"; path = "cordova-plugin-camera/UIImage+CropScaleOrientation.h"; sourceTree = "<group>"; };
		5BF763B6A3B94D89A8D55D46 /* FacebookConnectPlugin.m */ = {isa = PBXFileReference; explicitFileType = undefined; fileEncoding = 4; includeInIndex = 0; lastKnownFileType = sourcecode.c.objc; name = FacebookConnectPlugin.m; path = "cordova-plugin-facebook4/FacebookConnectPlugin.m"; sourceTree = "<group>"; };
		5CA383E079F0475E9F87599A /* CDVViewController+SplashScreen.m */ = {isa = PBXFileReference; explicitFileType = undefined; fileEncoding = 4; includeInIndex = 0; lastKnownFileType = sourcecode.c.objc; name = "CDVViewController+SplashScreen.m"; path = "cordova-plugin-splashscreen/CDVViewController+SplashScreen.m"; sourceTree = "<group>"; };
		6AFF5BF81D6E424B00AB3073 /* CDVLaunchScreen.storyboard */ = {isa = PBXFileReference; fileEncoding = 4; lastKnownFileType = file.storyboard; name = CDVLaunchScreen.storyboard; path = "SOCCER iD/CDVLaunchScreen.storyboard"; sourceTree = SOURCE_ROOT; };
		6CF0E54FA3F14C60A71D77C4 /* CDVCamera.h */ = {isa = PBXFileReference; explicitFileType = undefined; fileEncoding = 4; includeInIndex = 0; lastKnownFileType = sourcecode.c.h; name = CDVCamera.h; path = "cordova-plugin-camera/CDVCamera.h"; sourceTree = "<group>"; };
		6E49AE4B1D22474FB2CCD275 /* CDVAssetLibraryFilesystem.h */ = {isa = PBXFileReference; explicitFileType = undefined; fileEncoding = 4; includeInIndex = 0; lastKnownFileType = sourcecode.c.h; name = CDVAssetLibraryFilesystem.h; path = "cordova-plugin-file/CDVAssetLibraryFilesystem.h"; sourceTree = "<group>"; };
		752E4631781047E6B839C966 /* CDVReachability.m */ = {isa = PBXFileReference; explicitFileType = undefined; fileEncoding = 4; includeInIndex = 0; lastKnownFileType = sourcecode.c.objc; name = CDVReachability.m; path = "cordova-plugin-network-information/CDVReachability.m"; sourceTree = "<group>"; };
		79204E4CD30846C9AC56B141 /* CDVLogger.h */ = {isa = PBXFileReference; explicitFileType = undefined; fileEncoding = 4; includeInIndex = 0; lastKnownFileType = sourcecode.c.h; name = CDVLogger.h; path = "cordova-plugin-console/CDVLogger.h"; sourceTree = "<group>"; };
		7A568C8E73824EE38E3498F3 /* CDVBattery.m */ = {isa = PBXFileReference; explicitFileType = undefined; fileEncoding = 4; includeInIndex = 0; lastKnownFileType = sourcecode.c.objc; name = CDVBattery.m; path = "cordova-plugin-battery-status/CDVBattery.m"; sourceTree = "<group>"; };
		7B7161A2E7C1496FA2979277 /* CDVSound.h */ = {isa = PBXFileReference; explicitFileType = undefined; fileEncoding = 4; includeInIndex = 0; lastKnownFileType = sourcecode.c.h; name = CDVSound.h; path = "cordova-plugin-media/CDVSound.h"; sourceTree = "<group>"; };
		8074AE4A51D245429BF79AE6 /* CDVExif.h */ = {isa = PBXFileReference; explicitFileType = undefined; fileEncoding = 4; includeInIndex = 0; lastKnownFileType = sourcecode.c.h; name = CDVExif.h; path = "cordova-plugin-camera/CDVExif.h"; sourceTree = "<group>"; };
		85079FD316B649C4BF1921F9 /* CDVJpegHeaderWriter.m */ = {isa = PBXFileReference; explicitFileType = undefined; fileEncoding = 4; includeInIndex = 0; lastKnownFileType = sourcecode.c.objc; name = CDVJpegHeaderWriter.m; path = "cordova-plugin-camera/CDVJpegHeaderWriter.m"; sourceTree = "<group>"; };
		8824A8A3B56741218EBFCEDA /* CDVGlobalization.h */ = {isa = PBXFileReference; explicitFileType = undefined; fileEncoding = 4; includeInIndex = 0; lastKnownFileType = sourcecode.c.h; name = CDVGlobalization.h; path = "cordova-plugin-globalization/CDVGlobalization.h"; sourceTree = "<group>"; };
		88FBB413D7404090BCABD071 /* CDVSplashScreen.h */ = {isa = PBXFileReference; explicitFileType = undefined; fileEncoding = 4; includeInIndex = 0; lastKnownFileType = sourcecode.c.h; name = CDVSplashScreen.h; path = "cordova-plugin-splashscreen/CDVSplashScreen.h"; sourceTree = "<group>"; };
		8A36EB115E1E48D8A1A6F0B2 /* CDVLocation.h */ = {isa = PBXFileReference; explicitFileType = undefined; fileEncoding = 4; includeInIndex = 0; lastKnownFileType = sourcecode.c.h; name = CDVLocation.h; path = "cordova-plugin-geolocation/CDVLocation.h"; sourceTree = "<group>"; };
		8D1107310486CEB800E47090 /* SOCCER iD-Info.plist */ = {isa = PBXFileReference; fileEncoding = 4; lastKnownFileType = text.plist.xml; name = "SOCCER iD-Info.plist"; path = "SOCCER iD/SOCCER iD-Info.plist"; plistStructureDefinitionIdentifier = "com.apple.xcode.plist.structure-definition.iphone.info-plist"; sourceTree = SOURCE_ROOT; };
		8D47F2C41E8B9DEC00A45EDF /* SOCCER iD.entitlements */ = {isa = PBXFileReference; lastKnownFileType = text.plist.entitlements; name = "SOCCER iD.entitlements"; path = "SOCCER iD/SOCCER iD.entitlements"; sourceTree = "<group>"; };
		8D6ACF22FFFF4D17B85E87F2 /* CoreMotion.framework */ = {isa = PBXFileReference; explicitFileType = undefined; fileEncoding = 9; includeInIndex = 0; lastKnownFileType = wrapper.framework; name = CoreMotion.framework; path = System/Library/Frameworks/CoreMotion.framework; sourceTree = SDKROOT; };
		8DF9D7948649434381A8A120 /* CDVJpegHeaderWriter.h */ = {isa = PBXFileReference; explicitFileType = undefined; fileEncoding = 4; includeInIndex = 0; lastKnownFileType = sourcecode.c.h; name = CDVJpegHeaderWriter.h; path = "cordova-plugin-camera/CDVJpegHeaderWriter.h"; sourceTree = "<group>"; };
		8FD5500685A3402CBF816CFA /* CDVReachability.h */ = {isa = PBXFileReference; explicitFileType = undefined; fileEncoding = 4; includeInIndex = 0; lastKnownFileType = sourcecode.c.h; name = CDVReachability.h; path = "cordova-plugin-network-information/CDVReachability.h"; sourceTree = "<group>"; };
		914153670DE44045BF378616 /* CDVViewController+SplashScreen.h */ = {isa = PBXFileReference; explicitFileType = undefined; fileEncoding = 4; includeInIndex = 0; lastKnownFileType = sourcecode.c.h; name = "CDVViewController+SplashScreen.h"; path = "cordova-plugin-splashscreen/CDVViewController+SplashScreen.h"; sourceTree = "<group>"; };
		930B2F86C8BB4DF4BAD08052 /* CDVCapture.bundle */ = {isa = PBXFileReference; explicitFileType = undefined; fileEncoding = 9; includeInIndex = 0; lastKnownFileType = "wrapper.plug-in"; path = CDVCapture.bundle; sourceTree = "<group>"; };
		93CF3F55699C42F9B4BEB06F /* CDVNotification.bundle */ = {isa = PBXFileReference; explicitFileType = undefined; fileEncoding = 9; includeInIndex = 0; lastKnownFileType = "wrapper.plug-in"; path = CDVNotification.bundle; sourceTree = "<group>"; };
		9AFCBB7AD04547EE9D220E9E /* CDVLocation.m */ = {isa = PBXFileReference; explicitFileType = undefined; fileEncoding = 4; includeInIndex = 0; lastKnownFileType = sourcecode.c.objc; name = CDVLocation.m; path = "cordova-plugin-geolocation/CDVLocation.m"; sourceTree = "<group>"; };
		A43E63F2D769471B8F41393E /* Bolts.framework */ = {isa = PBXFileReference; explicitFileType = undefined; fileEncoding = 9; includeInIndex = 0; lastKnownFileType = wrapper.framework; name = Bolts.framework; path = "SOCCER iD/Plugins/cordova-plugin-facebook4/Bolts.framework"; sourceTree = "<group>"; };
		A527D308472043F0AB79B238 /* AddressBook.framework */ = {isa = PBXFileReference; explicitFileType = undefined; fileEncoding = 9; includeInIndex = 0; lastKnownFileType = wrapper.framework; name = AddressBook.framework; path = System/Library/Frameworks/AddressBook.framework; sourceTree = SDKROOT; };
		A92E507E45D64C488156FF05 /* FBSDKShareKit.framework */ = {isa = PBXFileReference; explicitFileType = undefined; fileEncoding = 9; includeInIndex = 0; lastKnownFileType = wrapper.framework; name = FBSDKShareKit.framework; path = "SOCCER iD/Plugins/cordova-plugin-facebook4/FBSDKShareKit.framework"; sourceTree = "<group>"; };
		ACE43A067111404EB796C186 /* CDVAccelerometer.h */ = {isa = PBXFileReference; explicitFileType = undefined; fileEncoding = 4; includeInIndex = 0; lastKnownFileType = sourcecode.c.h; name = CDVAccelerometer.h; path = "cordova-plugin-device-motion/CDVAccelerometer.h"; sourceTree = "<group>"; };
		ACECE55D4A2B47A4B4F41AB4 /* CDVContacts.m */ = {isa = PBXFileReference; explicitFileType = undefined; fileEncoding = 4; includeInIndex = 0; lastKnownFileType = sourcecode.c.objc; name = CDVContacts.m; path = "cordova-plugin-contacts/CDVContacts.m"; sourceTree = "<group>"; };
		B1379C72D6B64BC087E7BB3C /* CDVCapture.h */ = {isa = PBXFileReference; explicitFileType = undefined; fileEncoding = 4; includeInIndex = 0; lastKnownFileType = sourcecode.c.h; name = CDVCapture.h; path = "cordova-plugin-media-capture/CDVCapture.h"; sourceTree = "<group>"; };
		B1D7A6DF11A244F7BA5FD6F6 /* CDVContact.h */ = {isa = PBXFileReference; explicitFileType = undefined; fileEncoding = 4; includeInIndex = 0; lastKnownFileType = sourcecode.c.h; name = CDVContact.h; path = "cordova-plugin-contacts/CDVContact.h"; sourceTree = "<group>"; };
		B2016C8B014D49D08B4E6C1C /* CDVLocalFilesystem.h */ = {isa = PBXFileReference; explicitFileType = undefined; fileEncoding = 4; includeInIndex = 0; lastKnownFileType = sourcecode.c.h; name = CDVLocalFilesystem.h; path = "cordova-plugin-file/CDVLocalFilesystem.h"; sourceTree = "<group>"; };
		B4C7C1429AF24FD59D8A7B3D /* CDVDevice.h */ = {isa = PBXFileReference; explicitFileType = undefined; fileEncoding = 4; includeInIndex = 0; lastKnownFileType = sourcecode.c.h; name = CDVDevice.h; path = "cordova-plugin-device/CDVDevice.h"; sourceTree = "<group>"; };
		B69B30FB486C4C919CBB4018 /* CDVNotification.m */ = {isa = PBXFileReference; explicitFileType = undefined; fileEncoding = 4; includeInIndex = 0; lastKnownFileType = sourcecode.c.objc; name = CDVNotification.m; path = "cordova-plugin-dialogs/CDVNotification.m"; sourceTree = "<group>"; };
		B708AD2F39B840FEAD54137A /* CDVSound.m */ = {isa = PBXFileReference; explicitFileType = undefined; fileEncoding = 4; includeInIndex = 0; lastKnownFileType = sourcecode.c.objc; name = CDVSound.m; path = "cordova-plugin-media/CDVSound.m"; sourceTree = "<group>"; };
		BAA4FE42142E4A34A706A9F4 /* CDVDevice.m */ = {isa = PBXFileReference; explicitFileType = undefined; fileEncoding = 4; includeInIndex = 0; lastKnownFileType = sourcecode.c.objc; name = CDVDevice.m; path = "cordova-plugin-device/CDVDevice.m"; sourceTree = "<group>"; };
		BC39A84170EB461AA3845019 /* CDVFileTransfer.h */ = {isa = PBXFileReference; explicitFileType = undefined; fileEncoding = 4; includeInIndex = 0; lastKnownFileType = sourcecode.c.h; name = CDVFileTransfer.h; path = "cordova-plugin-file-transfer/CDVFileTransfer.h"; sourceTree = "<group>"; };
		C0242D4B6D5B44DB9428456E /* CDVVibration.h */ = {isa = PBXFileReference; explicitFileType = undefined; fileEncoding = 4; includeInIndex = 0; lastKnownFileType = sourcecode.c.h; name = CDVVibration.h; path = "cordova-plugin-vibration/CDVVibration.h"; sourceTree = "<group>"; };
		C25E5211891348F99F13A3FF /* CDVCamera.m */ = {isa = PBXFileReference; explicitFileType = undefined; fileEncoding = 4; includeInIndex = 0; lastKnownFileType = sourcecode.c.objc; name = CDVCamera.m; path = "cordova-plugin-camera/CDVCamera.m"; sourceTree = "<group>"; };
		C469EDC424D546D79B3E31A1 /* CDVLocalFilesystem.m */ = {isa = PBXFileReference; explicitFileType = undefined; fileEncoding = 4; includeInIndex = 0; lastKnownFileType = sourcecode.c.objc; name = CDVLocalFilesystem.m; path = "cordova-plugin-file/CDVLocalFilesystem.m"; sourceTree = "<group>"; };
		C90CE8A03D3E477A8B0B61FA /* CDVCapture.m */ = {isa = PBXFileReference; explicitFileType = undefined; fileEncoding = 4; includeInIndex = 0; lastKnownFileType = sourcecode.c.objc; name = CDVCapture.m; path = "cordova-plugin-media-capture/CDVCapture.m"; sourceTree = "<group>"; };
		CBB0FFF0C1A74C7CA1B5A019 /* CDVFile.m */ = {isa = PBXFileReference; explicitFileType = undefined; fileEncoding = 4; includeInIndex = 0; lastKnownFileType = sourcecode.c.objc; name = CDVFile.m; path = "cordova-plugin-file/CDVFile.m"; sourceTree = "<group>"; };
		CCFA441D18464824972BE4CA /* CDVVibration.m */ = {isa = PBXFileReference; explicitFileType = undefined; fileEncoding = 4; includeInIndex = 0; lastKnownFileType = sourcecode.c.objc; name = CDVVibration.m; path = "cordova-plugin-vibration/CDVVibration.m"; sourceTree = "<group>"; };
		CDD598020278434FAE28877A /* FacebookConnectPlugin.h */ = {isa = PBXFileReference; explicitFileType = undefined; fileEncoding = 4; includeInIndex = 0; lastKnownFileType = sourcecode.c.h; name = FacebookConnectPlugin.h; path = "cordova-plugin-facebook4/FacebookConnectPlugin.h"; sourceTree = "<group>"; };
		D1FE2559AFC64190B88B5EDA /* CDVCompass.m */ = {isa = PBXFileReference; explicitFileType = undefined; fileEncoding = 4; includeInIndex = 0; lastKnownFileType = sourcecode.c.objc; name = CDVCompass.m; path = "cordova-plugin-device-orientation/CDVCompass.m"; sourceTree = "<group>"; };
		D47A70DE28AA402CBD6B9E8C /* CDVInAppBrowser.m */ = {isa = PBXFileReference; explicitFileType = undefined; fileEncoding = 4; includeInIndex = 0; lastKnownFileType = sourcecode.c.objc; name = CDVInAppBrowser.m; path = "cordova-plugin-inappbrowser/CDVInAppBrowser.m"; sourceTree = "<group>"; };
		DDBD4CD438F0491D8295D34B /* CDVGlobalization.m */ = {isa = PBXFileReference; explicitFileType = undefined; fileEncoding = 4; includeInIndex = 0; lastKnownFileType = sourcecode.c.objc; name = CDVGlobalization.m; path = "cordova-plugin-globalization/CDVGlobalization.m"; sourceTree = "<group>"; };
		E24C76BE4F984B1999980ED5 /* CDVNotification.h */ = {isa = PBXFileReference; explicitFileType = undefined; fileEncoding = 4; includeInIndex = 0; lastKnownFileType = sourcecode.c.h; name = CDVNotification.h; path = "cordova-plugin-dialogs/CDVNotification.h"; sourceTree = "<group>"; };
		E85A73D6E37E4B8B890EEDC5 /* CDVAssetLibraryFilesystem.m */ = {isa = PBXFileReference; explicitFileType = undefined; fileEncoding = 4; includeInIndex = 0; lastKnownFileType = sourcecode.c.objc; name = CDVAssetLibraryFilesystem.m; path = "cordova-plugin-file/CDVAssetLibraryFilesystem.m"; sourceTree = "<group>"; };
		EB87FDF31871DA8E0020F90C /* www */ = {isa = PBXFileReference; lastKnownFileType = folder; name = www; path = ../../www; sourceTree = "<group>"; };
		EB87FDF41871DAF40020F90C /* config.xml */ = {isa = PBXFileReference; lastKnownFileType = text.xml; name = config.xml; path = ../../config.xml; sourceTree = "<group>"; };
		ED33DF2A687741AEAF9F8254 /* Bridging-Header.h */ = {isa = PBXFileReference; fileEncoding = 4; lastKnownFileType = sourcecode.c.h; path = "Bridging-Header.h"; sourceTree = "<group>"; };
		F4701DE60AD148229BFBB9AC /* FBSDKLoginKit.framework */ = {isa = PBXFileReference; explicitFileType = undefined; fileEncoding = 9; includeInIndex = 0; lastKnownFileType = wrapper.framework; name = FBSDKLoginKit.framework; path = "SOCCER iD/Plugins/cordova-plugin-facebook4/FBSDKLoginKit.framework"; sourceTree = "<group>"; };
		F840E1F0165FE0F500CFE078 /* config.xml */ = {isa = PBXFileReference; lastKnownFileType = text.xml; name = config.xml; path = "SOCCER iD/config.xml"; sourceTree = "<group>"; };
		F88E29865635482FA70EEFE7 /* CDVBattery.h */ = {isa = PBXFileReference; explicitFileType = undefined; fileEncoding = 4; includeInIndex = 0; lastKnownFileType = sourcecode.c.h; name = CDVBattery.h; path = "cordova-plugin-battery-status/CDVBattery.h"; sourceTree = "<group>"; };
		F89FF21F9FAB4D8FB0F6C09D /* CDVSplashScreen.m */ = {isa = PBXFileReference; explicitFileType = undefined; fileEncoding = 4; includeInIndex = 0; lastKnownFileType = sourcecode.c.objc; name = CDVSplashScreen.m; path = "cordova-plugin-splashscreen/CDVSplashScreen.m"; sourceTree = "<group>"; };
		FB26AAD7938F4490BDDF19AA /* UIImage+CropScaleOrientation.m */ = {isa = PBXFileReference; explicitFileType = undefined; fileEncoding = 4; includeInIndex = 0; lastKnownFileType = sourcecode.c.objc; name = "UIImage+CropScaleOrientation.m"; path = "cordova-plugin-camera/UIImage+CropScaleOrientation.m"; sourceTree = "<group>"; };
/* End PBXFileReference section */

/* Begin PBXFrameworksBuildPhase section */
		1D60588F0D05DD3D006BFB54 /* Frameworks */ = {
			isa = PBXFrameworksBuildPhase;
			buildActionMask = 2147483647;
			files = (
				301BF552109A68D80062928A /* libCordova.a in Frameworks */,
				3F316373BF2348D782D2C1D4 /* ImageIO.framework in Frameworks */,
				70FD5AA2C81D446DA3303072 /* CoreLocation.framework in Frameworks */,
				A5EF565641854718A1941571 /* AVFoundation.framework in Frameworks */,
				15C9CE35E5994863B4D22149 /* AddressBook.framework in Frameworks */,
				F5EBE3FCE9FE48B3887B0334 /* AddressBookUI.framework in Frameworks */,
				73A9D0B518B04B309E6246B5 /* libz.tbd in Frameworks */,
				DC566FD04CA2416783A02EE1 /* CoreMotion.framework in Frameworks */,
				702ED81BCA214675BB3BD224 /* AudioToolbox.framework in Frameworks */,
				D265028CFFEE448E92AC80CD /* Bolts.framework in Frameworks */,
				8556DA05AF4B4F55BDE5A117 /* FBSDKCoreKit.framework in Frameworks */,
				1FCCD44043DA44EDBB6111EF /* FBSDKLoginKit.framework in Frameworks */,
				B2DAF9014FA149269D211E06 /* FBSDKShareKit.framework in Frameworks */,
				370D748C92ED4B81AE47F9D3 /* SystemConfiguration.framework in Frameworks */,
				9FF8D11C728D407283A5049F /* CoreTelephony.framework in Frameworks */,
			);
			runOnlyForDeploymentPostprocessing = 0;
		};
/* End PBXFrameworksBuildPhase section */

/* Begin PBXGroup section */
		080E96DDFE201D6D7F000001 /* Classes */ = {
			isa = PBXGroup;
			children = (
				302D95EE14D2391D003F00A1 /* MainViewController.h */,
				302D95EF14D2391D003F00A1 /* MainViewController.m */,
				302D95F014D2391D003F00A1 /* MainViewController.xib */,
				1D3623240D0F684500981E51 /* AppDelegate.h */,
				1D3623250D0F684500981E51 /* AppDelegate.m */,
			);
			name = Classes;
			path = "SOCCER iD/Classes";
			sourceTree = SOURCE_ROOT;
		};
		19C28FACFE9D520D11CA2CBB /* Products */ = {
			isa = PBXGroup;
			children = (
				1D6058910D05DD3D006BFB54 /* SOCCER iD.app */,
			);
			name = Products;
			sourceTree = "<group>";
		};
		29B97314FDCFA39411CA2CEA /* CustomTemplate */ = {
			isa = PBXGroup;
			children = (
				8D47F2C41E8B9DEC00A45EDF /* SOCCER iD.entitlements */,
				EB87FDF41871DAF40020F90C /* config.xml */,
				EB87FDF31871DA8E0020F90C /* www */,
				EB87FDF11871DA420020F90C /* Staging */,
				301BF52D109A57CC0062928A /* CordovaLib.xcodeproj */,
				080E96DDFE201D6D7F000001 /* Classes */,
				307C750510C5A3420062BCA9 /* Plugins */,
				29B97315FDCFA39411CA2CEA /* Other Sources */,
				29B97317FDCFA39411CA2CEA /* Resources */,
				29B97323FDCFA39411CA2CEA /* Frameworks */,
				19C28FACFE9D520D11CA2CBB /* Products */,
			);
			name = CustomTemplate;
			sourceTree = "<group>";
		};
		29B97315FDCFA39411CA2CEA /* Other Sources */ = {
			isa = PBXGroup;
			children = (
				32CA4F630368D1EE00C91783 /* SOCCER iD-Prefix.pch */,
				29B97316FDCFA39411CA2CEA /* main.m */,
				ED33DF2A687741AEAF9F8254 /* Bridging-Header.h */,
			);
			name = "Other Sources";
			path = "SOCCER iD";
			sourceTree = "<group>";
		};
		29B97317FDCFA39411CA2CEA /* Resources */ = {
			isa = PBXGroup;
			children = (
				0207DA571B56EA530066E2B4 /* Images.xcassets */,
				3047A50E1AB8057F00498E2A /* config */,
				8D1107310486CEB800E47090 /* SOCCER iD-Info.plist */,
				6AFF5BF81D6E424B00AB3073 /* CDVLaunchScreen.storyboard */,
				93CF3F55699C42F9B4BEB06F /* CDVNotification.bundle */,
				930B2F86C8BB4DF4BAD08052 /* CDVCapture.bundle */,
			);
			name = Resources;
			path = "SOCCER iD/Resources";
			sourceTree = "<group>";
		};
		29B97323FDCFA39411CA2CEA /* Frameworks */ = {
			isa = PBXGroup;
			children = (
				1A2E2CB9F82842C6A5724C19 /* ImageIO.framework */,
				1E6FA4E6111E4B868911B1E0 /* CoreLocation.framework */,
				390BDB96CAC24E23AC3B44BF /* AVFoundation.framework */,
				A527D308472043F0AB79B238 /* AddressBook.framework */,
				2467C975812B4EC5943DD78B /* AddressBookUI.framework */,
				1823776E4FFA41C5AB320BC7 /* libz.tbd */,
				8D6ACF22FFFF4D17B85E87F2 /* CoreMotion.framework */,
				394EC4DA190D4387911B4B98 /* AudioToolbox.framework */,
				A43E63F2D769471B8F41393E /* Bolts.framework */,
				2C7D3FB6588F4087A0F1CCC6 /* FBSDKCoreKit.framework */,
				F4701DE60AD148229BFBB9AC /* FBSDKLoginKit.framework */,
				A92E507E45D64C488156FF05 /* FBSDKShareKit.framework */,
				1D860D557B4543E6843CF8EC /* SystemConfiguration.framework */,
				0DBFD1499F094D20B47C1CB9 /* CoreTelephony.framework */,
			);
			name = Frameworks;
			sourceTree = "<group>";
		};
		301BF52E109A57CC0062928A /* Products */ = {
			isa = PBXGroup;
			children = (
				301BF535109A57CC0062928A /* libCordova.a */,
			);
			name = Products;
			sourceTree = "<group>";
		};
		3047A50E1AB8057F00498E2A /* config */ = {
			isa = PBXGroup;
			children = (
				3047A50F1AB8059700498E2A /* build-debug.xcconfig */,
				3047A5101AB8059700498E2A /* build-release.xcconfig */,
				3047A5111AB8059700498E2A /* build.xcconfig */,
			);
			name = config;
			sourceTree = "<group>";
		};
		307C750510C5A3420062BCA9 /* Plugins */ = {
			isa = PBXGroup;
			children = (
				7A568C8E73824EE38E3498F3 /* CDVBattery.m */,
				F88E29865635482FA70EEFE7 /* CDVBattery.h */,
				FB26AAD7938F4490BDDF19AA /* UIImage+CropScaleOrientation.m */,
				C25E5211891348F99F13A3FF /* CDVCamera.m */,
				85079FD316B649C4BF1921F9 /* CDVJpegHeaderWriter.m */,
				5A5BE30D29B6467EBDDB6DBE /* UIImage+CropScaleOrientation.h */,
				6CF0E54FA3F14C60A71D77C4 /* CDVCamera.h */,
				8DF9D7948649434381A8A120 /* CDVJpegHeaderWriter.h */,
				8074AE4A51D245429BF79AE6 /* CDVExif.h */,
				058EE1C6C2D04C16B595084B /* CDVLogger.m */,
				79204E4CD30846C9AC56B141 /* CDVLogger.h */,
				ACECE55D4A2B47A4B4F41AB4 /* CDVContacts.m */,
				26B09889F50E4300B6D932A5 /* CDVContact.m */,
				2A26EE0C060C422FBB4334D6 /* CDVContacts.h */,
				B1D7A6DF11A244F7BA5FD6F6 /* CDVContact.h */,
				BAA4FE42142E4A34A706A9F4 /* CDVDevice.m */,
				B4C7C1429AF24FD59D8A7B3D /* CDVDevice.h */,
				3B2714461DCC4982B86378B0 /* CDVAccelerometer.m */,
				ACE43A067111404EB796C186 /* CDVAccelerometer.h */,
				D1FE2559AFC64190B88B5EDA /* CDVCompass.m */,
				3D7F4C9AF1D940F8AA5CA56F /* CDVCompass.h */,
				B69B30FB486C4C919CBB4018 /* CDVNotification.m */,
				E24C76BE4F984B1999980ED5 /* CDVNotification.h */,
				5BF763B6A3B94D89A8D55D46 /* FacebookConnectPlugin.m */,
				CDD598020278434FAE28877A /* FacebookConnectPlugin.h */,
				CBB0FFF0C1A74C7CA1B5A019 /* CDVFile.m */,
				C469EDC424D546D79B3E31A1 /* CDVLocalFilesystem.m */,
				E85A73D6E37E4B8B890EEDC5 /* CDVAssetLibraryFilesystem.m */,
				15C5629C7FEB49C189C17A01 /* CDVFile.h */,
				B2016C8B014D49D08B4E6C1C /* CDVLocalFilesystem.h */,
				6E49AE4B1D22474FB2CCD275 /* CDVAssetLibraryFilesystem.h */,
				3C6870E5595F42FD971F18E2 /* CDVFileTransfer.m */,
				BC39A84170EB461AA3845019 /* CDVFileTransfer.h */,
				9AFCBB7AD04547EE9D220E9E /* CDVLocation.m */,
				8A36EB115E1E48D8A1A6F0B2 /* CDVLocation.h */,
				DDBD4CD438F0491D8295D34B /* CDVGlobalization.m */,
				8824A8A3B56741218EBFCEDA /* CDVGlobalization.h */,
				D47A70DE28AA402CBD6B9E8C /* CDVInAppBrowser.m */,
				2A3C9A9E56A94F2FB89EDB2B /* CDVInAppBrowser.h */,
				B708AD2F39B840FEAD54137A /* CDVSound.m */,
				7B7161A2E7C1496FA2979277 /* CDVSound.h */,
				C90CE8A03D3E477A8B0B61FA /* CDVCapture.m */,
				B1379C72D6B64BC087E7BB3C /* CDVCapture.h */,
				25F1A7725C2340F595203DD7 /* CDVConnection.m */,
				752E4631781047E6B839C966 /* CDVReachability.m */,
				02E3FBDE631D4A4ABFF7B59C /* CDVConnection.h */,
				8FD5500685A3402CBF816CFA /* CDVReachability.h */,
				F89FF21F9FAB4D8FB0F6C09D /* CDVSplashScreen.m */,
				5CA383E079F0475E9F87599A /* CDVViewController+SplashScreen.m */,
				88FBB413D7404090BCABD071 /* CDVSplashScreen.h */,
				914153670DE44045BF378616 /* CDVViewController+SplashScreen.h */,
				3D694713DDA74147BD0B5967 /* CDVStatusBar.m */,
				314BE0C4C14A480687675B63 /* CDVStatusBar.h */,
				CCFA441D18464824972BE4CA /* CDVVibration.m */,
				C0242D4B6D5B44DB9428456E /* CDVVibration.h */,
			);
			name = Plugins;
			path = "SOCCER iD/Plugins";
			sourceTree = SOURCE_ROOT;
		};
		EB87FDF11871DA420020F90C /* Staging */ = {
			isa = PBXGroup;
			children = (
				F840E1F0165FE0F500CFE078 /* config.xml */,
				301BF56E109A69640062928A /* www */,
			);
			name = Staging;
			sourceTree = "<group>";
		};
/* End PBXGroup section */

/* Begin PBXNativeTarget section */
		1D6058900D05DD3D006BFB54 /* SOCCER iD */ = {
			isa = PBXNativeTarget;
			buildConfigurationList = 1D6058960D05DD3E006BFB54 /* Build configuration list for PBXNativeTarget "SOCCER iD" */;
			buildPhases = (
				304B58A110DAC018002A0835 /* Copy www directory */,
				1D60588D0D05DD3D006BFB54 /* Resources */,
				1D60588E0D05DD3D006BFB54 /* Sources */,
				1D60588F0D05DD3D006BFB54 /* Frameworks */,
			);
			buildRules = (
			);
			dependencies = (
				301BF551109A68C00062928A /* PBXTargetDependency */,
			);
			name = "SOCCER iD";
			productName = "SOCCER iD";
			productReference = 1D6058910D05DD3D006BFB54 /* SOCCER iD.app */;
			productType = "com.apple.product-type.application";
		};
/* End PBXNativeTarget section */

/* Begin PBXProject section */
		29B97313FDCFA39411CA2CEA /* Project object */ = {
			isa = PBXProject;
			attributes = {
				LastUpgradeCheck = 510;
				TargetAttributes = {
					1D6058900D05DD3D006BFB54 = {
						DevelopmentTeam = 862Y257U22;
						SystemCapabilities = {
							com.apple.Keychain = {
								enabled = 1;
							};
						};
					};
				};
			};
			buildConfigurationList = C01FCF4E08A954540054247B /* Build configuration list for PBXProject "SOCCER iD" */;
			compatibilityVersion = "Xcode 3.2";
			developmentRegion = English;
			hasScannedForEncodings = 1;
			knownRegions = (
				en,
			);
			mainGroup = 29B97314FDCFA39411CA2CEA /* CustomTemplate */;
			projectDirPath = "";
			projectReferences = (
				{
					ProductGroup = 301BF52E109A57CC0062928A /* Products */;
					ProjectRef = 301BF52D109A57CC0062928A /* CordovaLib.xcodeproj */;
				},
			);
			projectRoot = "";
			targets = (
				1D6058900D05DD3D006BFB54 /* SOCCER iD */,
			);
		};
/* End PBXProject section */

/* Begin PBXReferenceProxy section */
		301BF535109A57CC0062928A /* libCordova.a */ = {
			isa = PBXReferenceProxy;
			fileType = archive.ar;
			path = libCordova.a;
			remoteRef = 301BF534109A57CC0062928A /* PBXContainerItemProxy */;
			sourceTree = BUILT_PRODUCTS_DIR;
		};
/* End PBXReferenceProxy section */

/* Begin PBXResourcesBuildPhase section */
		1D60588D0D05DD3D006BFB54 /* Resources */ = {
			isa = PBXResourcesBuildPhase;
			buildActionMask = 2147483647;
			files = (
				302D95F214D2391D003F00A1 /* MainViewController.xib in Resources */,
				0207DA581B56EA530066E2B4 /* Images.xcassets in Resources */,
				6AFF5BF91D6E424B00AB3073 /* CDVLaunchScreen.storyboard in Resources */,
				174B35EB066B4900A1382D0B /* CDVNotification.bundle in Resources */,
				4B3C62D6D9A44857BA31C4D0 /* CDVCapture.bundle in Resources */,
			);
			runOnlyForDeploymentPostprocessing = 0;
		};
/* End PBXResourcesBuildPhase section */

/* Begin PBXShellScriptBuildPhase section */
		304B58A110DAC018002A0835 /* Copy www directory */ = {
			isa = PBXShellScriptBuildPhase;
			buildActionMask = 2147483647;
			files = (
			);
			inputPaths = (
			);
			name = "Copy www directory";
			outputPaths = (
			);
			runOnlyForDeploymentPostprocessing = 0;
			shellPath = /bin/sh;
			shellScript = "NODEJS_PATH=/usr/local/bin; NVM_NODE_PATH=~/.nvm/versions/node/`nvm version 2>/dev/null`/bin; N_NODE_PATH=`find /usr/local/n/versions/node/* -maxdepth 0 -type d 2>/dev/null | tail -1`/bin; XCODE_NODE_PATH=`xcode-select --print-path`/usr/share/xcs/Node/bin; PATH=$NODEJS_PATH:$NVM_NODE_PATH:$N_NODE_PATH:$XCODE_NODE_PATH:$PATH && node cordova/lib/copy-www-build-step.js";
			showEnvVarsInLog = 0;
		};
/* End PBXShellScriptBuildPhase section */

/* Begin PBXSourcesBuildPhase section */
		1D60588E0D05DD3D006BFB54 /* Sources */ = {
			isa = PBXSourcesBuildPhase;
			buildActionMask = 2147483647;
			files = (
				1D60589B0D05DD56006BFB54 /* main.m in Sources */,
				1D3623260D0F684500981E51 /* AppDelegate.m in Sources */,
				302D95F114D2391D003F00A1 /* MainViewController.m in Sources */,
				2C511B7E52234C978985F950 /* CDVBattery.m in Sources */,
				328EEFCA555E4B669B241D46 /* UIImage+CropScaleOrientation.m in Sources */,
				46DFDF8991E745FEBC23AB2A /* CDVCamera.m in Sources */,
				34DBF4EBC7D94F1B89274082 /* CDVJpegHeaderWriter.m in Sources */,
				5C5BA65612DA41758D49BE5F /* CDVLogger.m in Sources */,
				787BBB3B7F3C4545B00D3F1C /* CDVContacts.m in Sources */,
				6D40A1A934D64FEE9EB80ABC /* CDVContact.m in Sources */,
				A80CC027694345A9A69B9E03 /* CDVDevice.m in Sources */,
				58DC1A37B0CD4BDBB57A20BC /* CDVAccelerometer.m in Sources */,
				96B0AF9634384F45BEB36313 /* CDVCompass.m in Sources */,
				59F544FCF73F489DABE43E92 /* CDVNotification.m in Sources */,
				96D1A6E533B141488A96B4FB /* FacebookConnectPlugin.m in Sources */,
				16C1AE609F9E4BEBBF24BD95 /* CDVFile.m in Sources */,
				5C4D4CB867F54B098BC8F3C3 /* CDVLocalFilesystem.m in Sources */,
				9A43A29D2E1442D084F53CE7 /* CDVAssetLibraryFilesystem.m in Sources */,
				2DB9F1E6022F488795AF3E7D /* CDVFileTransfer.m in Sources */,
				A4FCAAAB7CD442D3B1EEE5F5 /* CDVLocation.m in Sources */,
				0F0B0E801C954FE2B41502A0 /* CDVGlobalization.m in Sources */,
				4CBCDBCA20DA4923AED35B5F /* CDVInAppBrowser.m in Sources */,
				A7F05E3071184CE18C6E8647 /* CDVSound.m in Sources */,
				788573E9034B4BE3B63EA0CF /* CDVCapture.m in Sources */,
				ACCB7C154F4444B7A94A33E8 /* CDVConnection.m in Sources */,
				2637BE1616D64D8EA7E2066C /* CDVReachability.m in Sources */,
				7B1A5AE464524232BB5DF118 /* CDVSplashScreen.m in Sources */,
				7260E082E084485881A5FF7E /* CDVViewController+SplashScreen.m in Sources */,
				4F7A0403C012453787782BC2 /* CDVStatusBar.m in Sources */,
				F58A192A4E97450BA87E1AEF /* CDVVibration.m in Sources */,
			);
			runOnlyForDeploymentPostprocessing = 0;
		};
/* End PBXSourcesBuildPhase section */

/* Begin PBXTargetDependency section */
		301BF551109A68C00062928A /* PBXTargetDependency */ = {
			isa = PBXTargetDependency;
			name = CordovaLib;
			targetProxy = 301BF550109A68C00062928A /* PBXContainerItemProxy */;
		};
/* End PBXTargetDependency section */

/* Begin XCBuildConfiguration section */
		1D6058940D05DD3E006BFB54 /* Debug */ = {
			isa = XCBuildConfiguration;
			baseConfigurationReference = 3047A50F1AB8059700498E2A /* build-debug.xcconfig */;
			buildSettings = {
				ALWAYS_SEARCH_USER_PATHS = NO;
				ASSETCATALOG_COMPILER_APPICON_NAME = AppIcon;
				ASSETCATALOG_COMPILER_LAUNCHIMAGE_NAME = LaunchImage;
				CLANG_ENABLE_MODULES = YES;
				CLANG_ENABLE_OBJC_ARC = YES;
				CODE_SIGN_ENTITLEMENTS = "SOCCER iD/SOCCER iD.entitlements";
				COPY_PHASE_STRIP = NO;
				DEVELOPMENT_TEAM = 862Y257U22;
				FRAMEWORK_SEARCH_PATHS = (
					"$(inherited)",
					"\"SOCCER iD/Plugins/cordova-plugin-facebook4\"",
					"\"SOCCER iD/Plugins/cordova-plugin-facebook4\"",
					"\"SOCCER iD/Plugins/cordova-plugin-facebook4\"",
					"\"SOCCER iD/Plugins/cordova-plugin-facebook4\"",
				);
				GCC_DYNAMIC_NO_PIC = NO;
				GCC_OPTIMIZATION_LEVEL = 0;
				GCC_PRECOMPILE_PREFIX_HEADER = YES;
				GCC_PREFIX_HEADER = "SOCCER iD/SOCCER iD-Prefix.pch";
				GCC_THUMB_SUPPORT = NO;
				GCC_VERSION = "";
				INFOPLIST_FILE = "SOCCER iD/SOCCER iD-Info.plist";
				IPHONEOS_DEPLOYMENT_TARGET = 7.0;
				LD_RUNPATH_SEARCH_PATHS = "@executable_path/Frameworks";
				PRODUCT_NAME = "SOCCER iD";
				TARGETED_DEVICE_FAMILY = "1,2";
			};
			name = Debug;
		};
		1D6058950D05DD3E006BFB54 /* Release */ = {
			isa = XCBuildConfiguration;
			baseConfigurationReference = 3047A5101AB8059700498E2A /* build-release.xcconfig */;
			buildSettings = {
				ALWAYS_SEARCH_USER_PATHS = NO;
				ASSETCATALOG_COMPILER_APPICON_NAME = AppIcon;
				ASSETCATALOG_COMPILER_LAUNCHIMAGE_NAME = LaunchImage;
				CLANG_ENABLE_MODULES = YES;
				CLANG_ENABLE_OBJC_ARC = YES;
				CODE_SIGN_ENTITLEMENTS = "SOCCER iD/SOCCER iD.entitlements";
				COPY_PHASE_STRIP = YES;
				DEVELOPMENT_TEAM = 862Y257U22;
				FRAMEWORK_SEARCH_PATHS = (
					"$(inherited)",
					"\"SOCCER iD/Plugins/cordova-plugin-facebook4\"",
					"\"SOCCER iD/Plugins/cordova-plugin-facebook4\"",
					"\"SOCCER iD/Plugins/cordova-plugin-facebook4\"",
					"\"SOCCER iD/Plugins/cordova-plugin-facebook4\"",
				);
				GCC_PRECOMPILE_PREFIX_HEADER = YES;
				GCC_PREFIX_HEADER = "SOCCER iD/SOCCER iD-Prefix.pch";
				GCC_THUMB_SUPPORT = NO;
				GCC_VERSION = "";
				INFOPLIST_FILE = "SOCCER iD/SOCCER iD-Info.plist";
				IPHONEOS_DEPLOYMENT_TARGET = 7.0;
				LD_RUNPATH_SEARCH_PATHS = "@executable_path/Frameworks";
				PRODUCT_NAME = "SOCCER iD";
				TARGETED_DEVICE_FAMILY = "1,2";
			};
			name = Release;
		};
		C01FCF4F08A954540054247B /* Debug */ = {
			isa = XCBuildConfiguration;
			baseConfigurationReference = 3047A5111AB8059700498E2A /* build.xcconfig */;
			buildSettings = {
				ASSETCATALOG_COMPILER_LAUNCHIMAGE_NAME = LaunchImage;
				CLANG_ENABLE_MODULES = YES;
				CLANG_ENABLE_OBJC_ARC = YES;
				CLANG_WARN_BOOL_CONVERSION = YES;
				CLANG_WARN_CONSTANT_CONVERSION = YES;
				CLANG_WARN_EMPTY_BODY = YES;
				CLANG_WARN_ENUM_CONVERSION = YES;
				CLANG_WARN_INT_CONVERSION = YES;
				CLANG_WARN__DUPLICATE_METHOD_MATCH = YES;
				GCC_C_LANGUAGE_STANDARD = c99;
				GCC_THUMB_SUPPORT = NO;
				GCC_VERSION = "";
				GCC_WARN_ABOUT_RETURN_TYPE = YES;
				GCC_WARN_UNDECLARED_SELECTOR = YES;
				GCC_WARN_UNINITIALIZED_AUTOS = YES;
				GCC_WARN_UNUSED_FUNCTION = YES;
				GCC_WARN_UNUSED_VARIABLE = YES;
				IPHONEOS_DEPLOYMENT_TARGET = 7.0;
				ONLY_ACTIVE_ARCH = YES;
				SDKROOT = iphoneos;
				SKIP_INSTALL = NO;
				TARGETED_DEVICE_FAMILY = "1,2";
			};
			name = Debug;
		};
		C01FCF5008A954540054247B /* Release */ = {
			isa = XCBuildConfiguration;
			baseConfigurationReference = 3047A5111AB8059700498E2A /* build.xcconfig */;
			buildSettings = {
				ASSETCATALOG_COMPILER_LAUNCHIMAGE_NAME = LaunchImage;
				CLANG_ENABLE_MODULES = YES;
				CLANG_ENABLE_OBJC_ARC = YES;
				CLANG_WARN_BOOL_CONVERSION = YES;
				CLANG_WARN_CONSTANT_CONVERSION = YES;
				CLANG_WARN_EMPTY_BODY = YES;
				CLANG_WARN_ENUM_CONVERSION = YES;
				CLANG_WARN_INT_CONVERSION = YES;
				CLANG_WARN__DUPLICATE_METHOD_MATCH = YES;
				GCC_C_LANGUAGE_STANDARD = c99;
				GCC_THUMB_SUPPORT = NO;
				GCC_VERSION = "";
				GCC_WARN_ABOUT_RETURN_TYPE = YES;
				GCC_WARN_UNDECLARED_SELECTOR = YES;
				GCC_WARN_UNINITIALIZED_AUTOS = YES;
				GCC_WARN_UNUSED_FUNCTION = YES;
				GCC_WARN_UNUSED_VARIABLE = YES;
				IPHONEOS_DEPLOYMENT_TARGET = 7.0;
				SDKROOT = iphoneos;
				SKIP_INSTALL = NO;
				TARGETED_DEVICE_FAMILY = "1,2";
			};
			name = Release;
		};
/* End XCBuildConfiguration section */

/* Begin XCConfigurationList section */
		1D6058960D05DD3E006BFB54 /* Build configuration list for PBXNativeTarget "SOCCER iD" */ = {
			isa = XCConfigurationList;
			buildConfigurations = (
				1D6058940D05DD3E006BFB54 /* Debug */,
				1D6058950D05DD3E006BFB54 /* Release */,
			);
			defaultConfigurationIsVisible = 0;
			defaultConfigurationName = Release;
		};
		C01FCF4E08A954540054247B /* Build configuration list for PBXProject "SOCCER iD" */ = {
			isa = XCConfigurationList;
			buildConfigurations = (
				C01FCF4F08A954540054247B /* Debug */,
				C01FCF5008A954540054247B /* Release */,
			);
			defaultConfigurationIsVisible = 0;
			defaultConfigurationName = Release;
		};
/* End XCConfigurationList section */
	};
	rootObject = 29B97313FDCFA39411CA2CEA /* Project object */;
}
